
Microsoft Visual Studio Solution File, Format Version 12.00
# Visual Studio Version 16
VisualStudioVersion = 16.0.31005.135
MinimumVisualStudioVersion = 10.0.40219.1
Project("{9A19103F-16F7-4668-BE54-9A1E7A4F7556}") = "NoFecundityNerf", "NoFecundityNerf.csproj", "{5897ABA4-57D5-4799-8949-72565E03CF3E}"
EndProject
Global
	GlobalSection(SolutionConfigurationPlatforms) = preSolution
		Debug|Any CPU = Debug|Any CPU
		Release|Any CPU = Release|Any CPU
	EndGlobalSection
	GlobalSection(ProjectConfigurationPlatforms) = postSolution
		{5897ABA4-57D5-4799-8949-72565E03CF3E}.Debug|Any CPU.ActiveCfg = Debug|Any CPU
		{5897ABA4-57D5-4799-8949-72565E03CF3E}.Debug|Any CPU.Build.0 = Debug|Any CPU
		{5897ABA4-57D5-4799-8949-72565E03CF3E}.Release|Any CPU.ActiveCfg = Release|Any CPU
		{5897ABA4-57D5-4799-8949-72565E03CF3E}.Release|Any CPU.Build.0 = Release|Any CPU
	EndGlobalSection
	GlobalSection(SolutionProperties) = preSolution
		HideSolutionNode = FALSE
	EndGlobalSection
	GlobalSection(ExtensibilityGlobals) = postSolution
		SolutionGuid = {A786E4F9-3825-4A5E-B5C0-9594003A3DC8}
	EndGlobalSection
EndGlobal
